
Microsoft Visual Studio Solution File, Format Version 12.00
# Visual Studio Version 16
VisualStudioVersion = 16.0.30114.105
MinimumVisualStudioVersion = 10.0.40219.1
Project("{FAE04EC0-301F-11D3-BF4B-00C04F79EFBC}") = "Tracer.Core", "Tracer.Core\Tracer.Core.csproj", "{7AFCCB78-43F3-4499-B266-D85B8353D322}"
EndProject
Project("{FAE04EC0-301F-11D3-BF4B-00C04F79EFBC}") = "Tracer.Tests", "Tracer.Tests\Tracer.Tests.csproj", "{EE35A7FE-C53D-4332-A4A6-FAAB2D77DCAC}"
EndProject
Project("{FAE04EC0-301F-11D3-BF4B-00C04F79EFBC}") = "Tracer.Example", "Tracer.Example\Tracer.Example.csproj", "{CFA01327-9093-4BBE-B349-855B6A2A4950}"
EndProject
Global
	GlobalSection(SolutionConfigurationPlatforms) = preSolution
		Debug|Any CPU = Debug|Any CPU
		Release|Any CPU = Release|Any CPU
	EndGlobalSection
	GlobalSection(SolutionProperties) = preSolution
		HideSolutionNode = FALSE
	EndGlobalSection
	GlobalSection(ProjectConfigurationPlatforms) = postSolution
		{7AFCCB78-43F3-4499-B266-D85B8353D322}.Debug|Any CPU.ActiveCfg = Debug|Any CPU
		{7AFCCB78-43F3-4499-B266-D85B8353D322}.Debug|Any CPU.Build.0 = Debug|Any CPU
		{7AFCCB78-43F3-4499-B266-D85B8353D322}.Release|Any CPU.ActiveCfg = Release|Any CPU
		{7AFCCB78-43F3-4499-B266-D85B8353D322}.Release|Any CPU.Build.0 = Release|Any CPU
		{EE35A7FE-C53D-4332-A4A6-FAAB2D77DCAC}.Debug|Any CPU.ActiveCfg = Debug|Any CPU
		{EE35A7FE-C53D-4332-A4A6-FAAB2D77DCAC}.Debug|Any CPU.Build.0 = Debug|Any CPU
		{EE35A7FE-C53D-4332-A4A6-FAAB2D77DCAC}.Release|Any CPU.ActiveCfg = Release|Any CPU
		{EE35A7FE-C53D-4332-A4A6-FAAB2D77DCAC}.Release|Any CPU.Build.0 = Release|Any CPU
		{CFA01327-9093-4BBE-B349-855B6A2A4950}.Debug|Any CPU.ActiveCfg = Debug|Any CPU
		{CFA01327-9093-4BBE-B349-855B6A2A4950}.Debug|Any CPU.Build.0 = Debug|Any CPU
		{CFA01327-9093-4BBE-B349-855B6A2A4950}.Release|Any CPU.ActiveCfg = Release|Any CPU
		{CFA01327-9093-4BBE-B349-855B6A2A4950}.Release|Any CPU.Build.0 = Release|Any CPU
	EndGlobalSection
EndGlobal
